
Microsoft Visual Studio Solution File, Format Version 12.00
# Visual Studio Version 17
VisualStudioVersion = 17.4.33205.214
MinimumVisualStudioVersion = 10.0.40219.1
Project("{FAE04EC0-301F-11D3-BF4B-00C04F79EFBC}") = "InventoryDataManagement", "InventoryDataManagement\InventoryDataManagement.csproj", "{AC29ABCC-7FA0-42E0-8B9D-5E01D3D7D8D0}"
EndProject
Global
	GlobalSection(SolutionConfigurationPlatforms) = preSolution
		Debug|Any CPU = Debug|Any CPU
		Release|Any CPU = Release|Any CPU
	EndGlobalSection
	GlobalSection(ProjectConfigurationPlatforms) = postSolution
		{AC29ABCC-7FA0-42E0-8B9D-5E01D3D7D8D0}.Debug|Any CPU.ActiveCfg = Debug|Any CPU
		{AC29ABCC-7FA0-42E0-8B9D-5E01D3D7D8D0}.Debug|Any CPU.Build.0 = Debug|Any CPU
		{AC29ABCC-7FA0-42E0-8B9D-5E01D3D7D8D0}.Release|Any CPU.ActiveCfg = Release|Any CPU
		{AC29ABCC-7FA0-42E0-8B9D-5E01D3D7D8D0}.Release|Any CPU.Build.0 = Release|Any CPU
	EndGlobalSection
	GlobalSection(SolutionProperties) = preSolution
		HideSolutionNode = FALSE
	EndGlobalSection
	GlobalSection(ExtensibilityGlobals) = postSolution
		SolutionGuid = {5BA935BD-E949-4834-AA2B-1BD1560A70AB}
	EndGlobalSection
EndGlobal
